{
  "name": "search-on-hotkey",
  "version": "0.1.0",
  "lockfileVersion": 2,
  "requires": true,
  "packages": {
    "": {
      "name": "search-on-hotkey",
      "version": "0.1.0",
      "license": "MIT",
      "dependencies": {
        "fs": "^0.0.1-security",
        "node-global-key-listener": "^0.1.1"
      }
    },
    "node_modules/fs": {
      "version": "0.0.1-security",
      "resolved": "https://registry.npmjs.org/fs/-/fs-0.0.1-security.tgz",
      "integrity": "sha512-3XY9e1pP0CVEUCdj5BmfIZxRBTSDycnbqhIOGec9QYtmVH2fbLpj86CFWkrNOkt/Fvty4KZG5lTglL9j/gJ87w=="
    },
    "node_modules/node-global-key-listener": {
      "version": "0.1.1",
      "resolved": "https://registry.npmjs.org/node-global-key-listener/-/node-global-key-listener-0.1.1.tgz",
      "integrity": "sha512-xPuMrjVDJSMWg1VchV4ynrE3I1nCtk84NRZWRr4WiPBAeauBEvmE7bMMmvLZbS7F5Z+xdK6YIhazhervyBINLw==",
      "dependencies": {
        "sudo-prompt": "^9.2.1"
      }
    },
    "node_modules/sudo-prompt": {
      "version": "9.2.1",
      "resolved": "https://registry.npmjs.org/sudo-prompt/-/sudo-prompt-9.2.1.tgz",
      "integrity": "sha512-Mu7R0g4ig9TUuGSxJavny5Rv0egCEtpZRNMrZaYS1vxkiIxGiGUwoezU3LazIQ+KE04hTrTfNPgxU5gzi7F5Pw=="
    }
  },
  "dependencies": {
    "fs": {
      "version": "0.0.1-security",
      "resolved": "https://registry.npmjs.org/fs/-/fs-0.0.1-security.tgz",
      "integrity": "sha512-3XY9e1pP0CVEUCdj5BmfIZxRBTSDycnbqhIOGec9QYtmVH2fbLpj86CFWkrNOkt/Fvty4KZG5lTglL9j/gJ87w=="
    },
    "node-global-key-listener": {
      "version": "0.1.1",
      "resolved": "https://registry.npmjs.org/node-global-key-listener/-/node-global-key-listener-0.1.1.tgz",
      "integrity": "sha512-xPuMrjVDJSMWg1VchV4ynrE3I1nCtk84NRZWRr4WiPBAeauBEvmE7bMMmvLZbS7F5Z+xdK6YIhazhervyBINLw==",
      "requires": {
        "sudo-prompt": "^9.2.1"
      }
    },
    "sudo-prompt": {
      "version": "9.2.1",
      "resolved": "https://registry.npmjs.org/sudo-prompt/-/sudo-prompt-9.2.1.tgz",
      "integrity": "sha512-Mu7R0g4ig9TUuGSxJavny5Rv0egCEtpZRNMrZaYS1vxkiIxGiGUwoezU3LazIQ+KE04hTrTfNPgxU5gzi7F5Pw=="
    }
  }
}